{
    "_readme": [
        "This file locks the dependencies of your project to a known state",
        "Read more about it at https://getcomposer.org/doc/01-basic-usage.md#installing-dependencies",
        "This file is @generated automatically"
    ],
    "content-hash": "e6019f0af7b535b8b4c12f909b522506",
    "packages": [
        {
            "name": "braintree/braintreehttp",
            "version": "0.3.0",
            "source": {
                "type": "git",
                "url": "https://github.com/braintree/braintreehttp_php.git",
                "reference": "204e36494d9e4b31033328df96af54b17f68b698"
            },
            "dist": {
                "type": "zip",
                "url": "https://api.github.com/repos/braintree/braintreehttp_php/zipball/204e36494d9e4b31033328df96af54b17f68b698",
                "reference": "204e36494d9e4b31033328df96af54b17f68b698",
                "shasum": ""
            },
            "require": {
                "ext-curl": "*"
            },
            "require-dev": {
                "phpunit/phpunit": "^5.7",
                "wiremock-php/wiremock-php": "1.43.2"
            },
            "type": "library",
            "autoload": {
                "psr-4": {
                    "BraintreeHttp\\": "lib/BraintreeHttp"
                }
            },
            "notification-url": "https://packagist.org/downloads/",
            "license": [
                "MIT"
            ],
            "authors": [
                {
                    "name": "Braintree",
                    "email": "code@getbraintree.com"
                }
            ],
            "time": "2018-04-17T20:53:31+00:00"
        },
        {
            "name": "paypal/paypal-checkout-sdk",
            "version": "1.0.0",
            "source": {
                "type": "git",
                "url": "https://github.com/paypal/Checkout-PHP-SDK.git",
                "reference": "b321066fdce122cd63368b559d54674bdf2f12a8"
            },
            "dist": {
                "type": "zip",
                "url": "https://api.github.com/repos/paypal/Checkout-PHP-SDK/zipball/b321066fdce122cd63368b559d54674bdf2f12a8",
                "reference": "b321066fdce122cd63368b559d54674bdf2f12a8",
                "shasum": ""
            },
            "require": {
                "braintree/braintreehttp": "0.3.0"
            },
            "require-dev": {
                "phpunit/phpunit": "^5.7"
            },
            "type": "library",
            "autoload": {
                "psr-4": {
                    "PayPalCheckoutSdk\\": "lib/PayPalCheckoutSdk",
                    "Sample\\": "samples/"
                }
            },
            "notification-url": "https://packagist.org/downloads/",
            "license": [
                "MIT"
            ],
            "authors": [
                {
                    "name": "PayPal",
                    "homepage": "https://github.com/paypal/Checkout-PHP-SDK/contributors"
                }
            ],
            "description": "PayPal's PHP SDK for Checkout REST APIs",
            "homepage": "http://github.com/paypal/Checkout-PHP-SDK/",
            "keywords": [
                "checkout",
                "orders",
                "payments",
                "paypal",
                "rest",
                "sdk"
            ],
            "time": "2019-02-04T06:59:08+00:00"
        },
        {
            "name": "stripe/stripe-php",
            "version": "v7.0.2",
            "source": {
                "type": "git",
                "url": "https://github.com/stripe/stripe-php.git",
                "reference": "c3eff79fd668f98170634d4f9f4dbd762b8b86a4"
            },
            "dist": {
                "type": "zip",
                "url": "https://api.github.com/repos/stripe/stripe-php/zipball/c3eff79fd668f98170634d4f9f4dbd762b8b86a4",
                "reference": "c3eff79fd668f98170634d4f9f4dbd762b8b86a4",
                "shasum": ""
            },
            "require": {
                "ext-curl": "*",
                "ext-json": "*",
                "ext-mbstring": "*",
                "php": ">=5.6.0"
            },
            "require-dev": {
                "friendsofphp/php-cs-fixer": "^2.15",
                "php-coveralls/php-coveralls": "^2.1",
                "phpunit/phpunit": "^5.7",
                "squizlabs/php_codesniffer": "^3.3",
                "symfony/process": "~3.4"
            },
            "type": "library",
            "extra": {
                "branch-alias": {
                    "dev-master": "2.0-dev"
                }
            },
            "autoload": {
                "psr-4": {
                    "Stripe\\": "lib/"
                }
            },
            "notification-url": "https://packagist.org/downloads/",
            "license": [
                "MIT"
            ],
            "authors": [
                {
                    "name": "Stripe and contributors",
                    "homepage": "https://github.com/stripe/stripe-php/contributors"
                }
            ],
            "description": "Stripe PHP Library",
            "homepage": "https://stripe.com/",
            "keywords": [
                "api",
                "payment processing",
                "stripe"
            ],
            "time": "2019-09-06T16:57:26+00:00"
        }
    ],
    "packages-dev": [],
    "aliases": [],
    "minimum-stability": "stable",
    "stability-flags": [],
    "prefer-stable": false,
    "prefer-lowest": false,
    "platform": [],
    "platform-dev": []
}
